// !$*UTF8*$!
{
	archiveVersion = 1;
	classes = {
	};
	objectVersion = 50;
	objects = {

/* Begin PBXBuildFile section */
		7CDF666323AFD7E000CEAB4D /* AppDelegate.swift in Sources */ = {isa = PBXBuildFile; fileRef = 7CDF666223AFD7E000CEAB4D /* AppDelegate.swift */; };
		7CDF666523AFD7E000CEAB4D /* SceneDelegate.swift in Sources */ = {isa = PBXBuildFile; fileRef = 7CDF666423AFD7E000CEAB4D /* SceneDelegate.swift */; };
		7CDF666723AFD7E000CEAB4D /* ViewController.swift in Sources */ = {isa = PBXBuildFile; fileRef = 7CDF666623AFD7E000CEAB4D /* ViewController.swift */; };
		7CDF666A23AFD7E000CEAB4D /* Main.storyboard in Resources */ = {isa = PBXBuildFile; fileRef = 7CDF666823AFD7E000CEAB4D /* Main.storyboard */; };
		7CDF666C23AFD7E100CEAB4D /* Assets.xcassets in Resources */ = {isa = PBXBuildFile; fileRef = 7CDF666B23AFD7E100CEAB4D /* Assets.xcassets */; };
		7CDF666F23AFD7E100CEAB4D /* LaunchScreen.storyboard in Resources */ = {isa = PBXBuildFile; fileRef = 7CDF666D23AFD7E100CEAB4D /* LaunchScreen.storyboard */; };
		7CDF667A23AFD7E100CEAB4D /* Paco_SakoTests.swift in Sources */ = {isa = PBXBuildFile; fileRef = 7CDF667923AFD7E100CEAB4D /* Paco_SakoTests.swift */; };
		7CDF668523AFD7E100CEAB4D /* Paco_SakoUITests.swift in Sources */ = {isa = PBXBuildFile; fileRef = 7CDF668423AFD7E100CEAB4D /* Paco_SakoUITests.swift */; };
		7CDF669323AFD7F900CEAB4D /* Piece.swift in Sources */ = {isa = PBXBuildFile; fileRef = 7CDF669223AFD7F900CEAB4D /* Piece.swift */; };
		7CDF669523AFD80200CEAB4D /* Pawn.swift in Sources */ = {isa = PBXBuildFile; fileRef = 7CDF669423AFD80200CEAB4D /* Pawn.swift */; };
		7CDF669723AFD80700CEAB4D /* Knight.swift in Sources */ = {isa = PBXBuildFile; fileRef = 7CDF669623AFD80700CEAB4D /* Knight.swift */; };
		7CDF669923AFD80F00CEAB4D /* Bishop.swift in Sources */ = {isa = PBXBuildFile; fileRef = 7CDF669823AFD80F00CEAB4D /* Bishop.swift */; };
		7CDF669B23AFD81D00CEAB4D /* Rook.swift in Sources */ = {isa = PBXBuildFile; fileRef = 7CDF669A23AFD81D00CEAB4D /* Rook.swift */; };
		7CDF669D23AFD82500CEAB4D /* King.swift in Sources */ = {isa = PBXBuildFile; fileRef = 7CDF669C23AFD82500CEAB4D /* King.swift */; };
		7CDF669F23AFD82A00CEAB4D /* Queen.swift in Sources */ = {isa = PBXBuildFile; fileRef = 7CDF669E23AFD82A00CEAB4D /* Queen.swift */; };
		7CDF66A123AFD83A00CEAB4D /* Dummy.swift in Sources */ = {isa = PBXBuildFile; fileRef = 7CDF66A023AFD83A00CEAB4D /* Dummy.swift */; };
		7CDF66A323AFD84100CEAB4D /* Game.swift in Sources */ = {isa = PBXBuildFile; fileRef = 7CDF66A223AFD84100CEAB4D /* Game.swift */; };
		7CDF66A523AFD84600CEAB4D /* Board.swift in Sources */ = {isa = PBXBuildFile; fileRef = 7CDF66A423AFD84600CEAB4D /* Board.swift */; };
		7CDF66A723AFD84D00CEAB4D /* BoardIndex.swift in Sources */ = {isa = PBXBuildFile; fileRef = 7CDF66A623AFD84D00CEAB4D /* BoardIndex.swift */; };
		7CDF66A923AFD85600CEAB4D /* ExtensionUIPiece.swift in Sources */ = {isa = PBXBuildFile; fileRef = 7CDF66A823AFD85600CEAB4D /* ExtensionUIPiece.swift */; };
		7CDF66AB23AFD8AE00CEAB4D /* StartScreen.swift in Sources */ = {isa = PBXBuildFile; fileRef = 7CDF66AA23AFD8AE00CEAB4D /* StartScreen.swift */; };
/* End PBXBuildFile section */

/* Begin PBXContainerItemProxy section */
		7CDF667623AFD7E100CEAB4D /* PBXContainerItemProxy */ = {
			isa = PBXContainerItemProxy;
			containerPortal = 7CDF665723AFD7E000CEAB4D /* Project object */;
			proxyType = 1;
			remoteGlobalIDString = 7CDF665E23AFD7E000CEAB4D;
			remoteInfo = "Paco Sako";
		};
		7CDF668123AFD7E100CEAB4D /* PBXContainerItemProxy */ = {
			isa = PBXContainerItemProxy;
			containerPortal = 7CDF665723AFD7E000CEAB4D /* Project object */;
			proxyType = 1;
			remoteGlobalIDString = 7CDF665E23AFD7E000CEAB4D;
			remoteInfo = "Paco Sako";
		};
/* End PBXContainerItemProxy section */

/* Begin PBXFileReference section */
		7CDF665F23AFD7E000CEAB4D /* Paco Sako.app */ = {isa = PBXFileReference; explicitFileType = wrapper.application; includeInIndex = 0; path = "Paco Sako.app"; sourceTree = BUILT_PRODUCTS_DIR; };
		7CDF666223AFD7E000CEAB4D /* AppDelegate.swift */ = {isa = PBXFileReference; lastKnownFileType = sourcecode.swift; path = AppDelegate.swift; sourceTree = "<group>"; };
		7CDF666423AFD7E000CEAB4D /* SceneDelegate.swift */ = {isa = PBXFileReference; lastKnownFileType = sourcecode.swift; path = SceneDelegate.swift; sourceTree = "<group>"; };
		7CDF666623AFD7E000CEAB4D /* ViewController.swift */ = {isa = PBXFileReference; lastKnownFileType = sourcecode.swift; path = ViewController.swift; sourceTree = "<group>"; };
		7CDF666923AFD7E000CEAB4D /* Base */ = {isa = PBXFileReference; lastKnownFileType = file.storyboard; name = Base; path = Base.lproj/Main.storyboard; sourceTree = "<group>"; };
		7CDF666B23AFD7E100CEAB4D /* Assets.xcassets */ = {isa = PBXFileReference; lastKnownFileType = folder.assetcatalog; path = Assets.xcassets; sourceTree = "<group>"; };
		7CDF666E23AFD7E100CEAB4D /* Base */ = {isa = PBXFileReference; lastKnownFileType = file.storyboard; name = Base; path = Base.lproj/LaunchScreen.storyboard; sourceTree = "<group>"; };
		7CDF667023AFD7E100CEAB4D /* Info.plist */ = {isa = PBXFileReference; lastKnownFileType = text.plist.xml; path = Info.plist; sourceTree = "<group>"; };
		7CDF667523AFD7E100CEAB4D /* Paco SakoTests.xctest */ = {isa = PBXFileReference; explicitFileType = wrapper.cfbundle; includeInIndex = 0; path = "Paco SakoTests.xctest"; sourceTree = BUILT_PRODUCTS_DIR; };
		7CDF667923AFD7E100CEAB4D /* Paco_SakoTests.swift */ = {isa = PBXFileReference; lastKnownFileType = sourcecode.swift; path = Paco_SakoTests.swift; sourceTree = "<group>"; };
		7CDF667B23AFD7E100CEAB4D /* Info.plist */ = {isa = PBXFileReference; lastKnownFileType = text.plist.xml; path = Info.plist; sourceTree = "<group>"; };
		7CDF668023AFD7E100CEAB4D /* Paco SakoUITests.xctest */ = {isa = PBXFileReference; explicitFileType = wrapper.cfbundle; includeInIndex = 0; path = "Paco SakoUITests.xctest"; sourceTree = BUILT_PRODUCTS_DIR; };
		7CDF668423AFD7E100CEAB4D /* Paco_SakoUITests.swift */ = {isa = PBXFileReference; lastKnownFileType = sourcecode.swift; path = Paco_SakoUITests.swift; sourceTree = "<group>"; };
		7CDF668623AFD7E100CEAB4D /* Info.plist */ = {isa = PBXFileReference; lastKnownFileType = text.plist.xml; path = Info.plist; sourceTree = "<group>"; };
		7CDF669223AFD7F900CEAB4D /* Piece.swift */ = {isa = PBXFileReference; lastKnownFileType = sourcecode.swift; path = Piece.swift; sourceTree = SOURCE_ROOT; };
		7CDF669423AFD80200CEAB4D /* Pawn.swift */ = {isa = PBXFileReference; lastKnownFileType = sourcecode.swift; path = Pawn.swift; sourceTree = "<group>"; };
		7CDF669623AFD80700CEAB4D /* Knight.swift */ = {isa = PBXFileReference; lastKnownFileType = sourcecode.swift; path = Knight.swift; sourceTree = "<group>"; };
		7CDF669823AFD80F00CEAB4D /* Bishop.swift */ = {isa = PBXFileReference; lastKnownFileType = sourcecode.swift; path = Bishop.swift; sourceTree = "<group>"; };
		7CDF669A23AFD81D00CEAB4D /* Rook.swift */ = {isa = PBXFileReference; lastKnownFileType = sourcecode.swift; path = Rook.swift; sourceTree = "<group>"; };
		7CDF669C23AFD82500CEAB4D /* King.swift */ = {isa = PBXFileReference; lastKnownFileType = sourcecode.swift; path = King.swift; sourceTree = "<group>"; };
		7CDF669E23AFD82A00CEAB4D /* Queen.swift */ = {isa = PBXFileReference; lastKnownFileType = sourcecode.swift; path = Queen.swift; sourceTree = "<group>"; };
		7CDF66A023AFD83A00CEAB4D /* Dummy.swift */ = {isa = PBXFileReference; lastKnownFileType = sourcecode.swift; path = Dummy.swift; sourceTree = "<group>"; };
		7CDF66A223AFD84100CEAB4D /* Game.swift */ = {isa = PBXFileReference; lastKnownFileType = sourcecode.swift; path = Game.swift; sourceTree = "<group>"; };
		7CDF66A423AFD84600CEAB4D /* Board.swift */ = {isa = PBXFileReference; lastKnownFileType = sourcecode.swift; path = Board.swift; sourceTree = "<group>"; };
		7CDF66A623AFD84D00CEAB4D /* BoardIndex.swift */ = {isa = PBXFileReference; lastKnownFileType = sourcecode.swift; path = BoardIndex.swift; sourceTree = "<group>"; };
		7CDF66A823AFD85600CEAB4D /* ExtensionUIPiece.swift */ = {isa = PBXFileReference; lastKnownFileType = sourcecode.swift; path = ExtensionUIPiece.swift; sourceTree = "<group>"; };
		7CDF66AA23AFD8AE00CEAB4D /* StartScreen.swift */ = {isa = PBXFileReference; lastKnownFileType = sourcecode.swift; path = StartScreen.swift; sourceTree = "<group>"; };
/* End PBXFileReference section */

/* Begin PBXFrameworksBuildPhase section */
		7CDF665C23AFD7E000CEAB4D /* Frameworks */ = {
			isa = PBXFrameworksBuildPhase;
			buildActionMask = 2147483647;
			files = (
			);
			runOnlyForDeploymentPostprocessing = 0;
		};
		7CDF667223AFD7E100CEAB4D /* Frameworks */ = {
			isa = PBXFrameworksBuildPhase;
			buildActionMask = 2147483647;
			files = (
			);
			runOnlyForDeploymentPostprocessing = 0;
		};
		7CDF667D23AFD7E100CEAB4D /* Frameworks */ = {
			isa = PBXFrameworksBuildPhase;
			buildActionMask = 2147483647;
			files = (
			);
			runOnlyForDeploymentPostprocessing = 0;
		};
/* End PBXFrameworksBuildPhase section */

/* Begin PBXGroup section */
		7CDF665623AFD7E000CEAB4D = {
			isa = PBXGroup;
			children = (
				7CDF666123AFD7E000CEAB4D /* Paco Sako */,
				7CDF667823AFD7E100CEAB4D /* Paco SakoTests */,
				7CDF668323AFD7E100CEAB4D /* Paco SakoUITests */,
				7CDF666023AFD7E000CEAB4D /* Products */,
			);
			sourceTree = "<group>";
		};
		7CDF666023AFD7E000CEAB4D /* Products */ = {
			isa = PBXGroup;
			children = (
				7CDF665F23AFD7E000CEAB4D /* Paco Sako.app */,
				7CDF667523AFD7E100CEAB4D /* Paco SakoTests.xctest */,
				7CDF668023AFD7E100CEAB4D /* Paco SakoUITests.xctest */,
			);
			name = Products;
			sourceTree = "<group>";
		};
		7CDF666123AFD7E000CEAB4D /* Paco Sako */ = {
			isa = PBXGroup;
			children = (
				7CDF669223AFD7F900CEAB4D /* Piece.swift */,
				7CDF66A823AFD85600CEAB4D /* ExtensionUIPiece.swift */,
				7CDF669423AFD80200CEAB4D /* Pawn.swift */,
				7CDF669623AFD80700CEAB4D /* Knight.swift */,
				7CDF669A23AFD81D00CEAB4D /* Rook.swift */,
				7CDF669823AFD80F00CEAB4D /* Bishop.swift */,
				7CDF669C23AFD82500CEAB4D /* King.swift */,
				7CDF669E23AFD82A00CEAB4D /* Queen.swift */,
				7CDF66A023AFD83A00CEAB4D /* Dummy.swift */,
				7CDF66A223AFD84100CEAB4D /* Game.swift */,
				7CDF66A423AFD84600CEAB4D /* Board.swift */,
				7CDF66A623AFD84D00CEAB4D /* BoardIndex.swift */,
				7CDF66AA23AFD8AE00CEAB4D /* StartScreen.swift */,
				7CDF666223AFD7E000CEAB4D /* AppDelegate.swift */,
				7CDF666423AFD7E000CEAB4D /* SceneDelegate.swift */,
				7CDF666623AFD7E000CEAB4D /* ViewController.swift */,
				7CDF666823AFD7E000CEAB4D /* Main.storyboard */,
				7CDF666B23AFD7E100CEAB4D /* Assets.xcassets */,
				7CDF666D23AFD7E100CEAB4D /* LaunchScreen.storyboard */,
				7CDF667023AFD7E100CEAB4D /* Info.plist */,
			);
			path = "Paco Sako";
			sourceTree = "<group>";
		};
		7CDF667823AFD7E100CEAB4D /* Paco SakoTests */ = {
			isa = PBXGroup;
			children = (
				7CDF667923AFD7E100CEAB4D /* Paco_SakoTests.swift */,
				7CDF667B23AFD7E100CEAB4D /* Info.plist */,
			);
			path = "Paco SakoTests";
			sourceTree = "<group>";
		};
		7CDF668323AFD7E100CEAB4D /* Paco SakoUITests */ = {
			isa = PBXGroup;
			children = (
				7CDF668423AFD7E100CEAB4D /* Paco_SakoUITests.swift */,
				7CDF668623AFD7E100CEAB4D /* Info.plist */,
			);
			path = "Paco SakoUITests";
			sourceTree = "<group>";
		};
/* End PBXGroup section */

/* Begin PBXNativeTarget section */
		7CDF665E23AFD7E000CEAB4D /* Paco Sako */ = {
			isa = PBXNativeTarget;
			buildConfigurationList = 7CDF668923AFD7E100CEAB4D /* Build configuration list for PBXNativeTarget "Paco Sako" */;
			buildPhases = (
				7CDF665B23AFD7E000CEAB4D /* Sources */,
				7CDF665C23AFD7E000CEAB4D /* Frameworks */,
				7CDF665D23AFD7E000CEAB4D /* Resources */,
			);
			buildRules = (
			);
			dependencies = (
			);
			name = "Paco Sako";
			productName = "Paco Sako";
			productReference = 7CDF665F23AFD7E000CEAB4D /* Paco Sako.app */;
			productType = "com.apple.product-type.application";
		};
		7CDF667423AFD7E100CEAB4D /* Paco SakoTests */ = {
			isa = PBXNativeTarget;
			buildConfigurationList = 7CDF668C23AFD7E100CEAB4D /* Build configuration list for PBXNativeTarget "Paco SakoTests" */;
			buildPhases = (
				7CDF667123AFD7E100CEAB4D /* Sources */,
				7CDF667223AFD7E100CEAB4D /* Frameworks */,
				7CDF667323AFD7E100CEAB4D /* Resources */,
			);
			buildRules = (
			);
			dependencies = (
				7CDF667723AFD7E100CEAB4D /* PBXTargetDependency */,
			);
			name = "Paco SakoTests";
			productName = "Paco SakoTests";
			productReference = 7CDF667523AFD7E100CEAB4D /* Paco SakoTests.xctest */;
			productType = "com.apple.product-type.bundle.unit-test";
		};
		7CDF667F23AFD7E100CEAB4D /* Paco SakoUITests */ = {
			isa = PBXNativeTarget;
			buildConfigurationList = 7CDF668F23AFD7E100CEAB4D /* Build configuration list for PBXNativeTarget "Paco SakoUITests" */;
			buildPhases = (
				7CDF667C23AFD7E100CEAB4D /* Sources */,
				7CDF667D23AFD7E100CEAB4D /* Frameworks */,
				7CDF667E23AFD7E100CEAB4D /* Resources */,
			);
			buildRules = (
			);
			dependencies = (
				7CDF668223AFD7E100CEAB4D /* PBXTargetDependency */,
			);
			name = "Paco SakoUITests";
			productName = "Paco SakoUITests";
			productReference = 7CDF668023AFD7E100CEAB4D /* Paco SakoUITests.xctest */;
			productType = "com.apple.product-type.bundle.ui-testing";
		};
/* End PBXNativeTarget section */

/* Begin PBXProject section */
		7CDF665723AFD7E000CEAB4D /* Project object */ = {
			isa = PBXProject;
			attributes = {
				LastSwiftUpdateCheck = 1130;
				LastUpgradeCheck = 1130;
				ORGANIZATIONNAME = "Chris Waalberg";
				TargetAttributes = {
					7CDF665E23AFD7E000CEAB4D = {
						CreatedOnToolsVersion = 11.3;
					};
					7CDF667423AFD7E100CEAB4D = {
						CreatedOnToolsVersion = 11.3;
						TestTargetID = 7CDF665E23AFD7E000CEAB4D;
					};
					7CDF667F23AFD7E100CEAB4D = {
						CreatedOnToolsVersion = 11.3;
						TestTargetID = 7CDF665E23AFD7E000CEAB4D;
					};
				};
			};
			buildConfigurationList = 7CDF665A23AFD7E000CEAB4D /* Build configuration list for PBXProject "Paco Sako" */;
			compatibilityVersion = "Xcode 9.3";
			developmentRegion = en;
			hasScannedForEncodings = 0;
			knownRegions = (
				en,
				Base,
			);
			mainGroup = 7CDF665623AFD7E000CEAB4D;
			productRefGroup = 7CDF666023AFD7E000CEAB4D /* Products */;
			projectDirPath = "";
			projectRoot = "";
			targets = (
				7CDF665E23AFD7E000CEAB4D /* Paco Sako */,
				7CDF667423AFD7E100CEAB4D /* Paco SakoTests */,
				7CDF667F23AFD7E100CEAB4D /* Paco SakoUITests */,
			);
		};
/* End PBXProject section */

/* Begin PBXResourcesBuildPhase section */
		7CDF665D23AFD7E000CEAB4D /* Resources */ = {
			isa = PBXResourcesBuildPhase;
			buildActionMask = 2147483647;
			files = (
				7CDF666F23AFD7E100CEAB4D /* LaunchScreen.storyboard in Resources */,
				7CDF666C23AFD7E100CEAB4D /* Assets.xcassets in Resources */,
				7CDF666A23AFD7E000CEAB4D /* Main.storyboard in Resources */,
			);
			runOnlyForDeploymentPostprocessing = 0;
		};
		7CDF667323AFD7E100CEAB4D /* Resources */ = {
			isa = PBXResourcesBuildPhase;
			buildActionMask = 2147483647;
			files = (
			);
			runOnlyForDeploymentPostprocessing = 0;
		};
		7CDF667E23AFD7E100CEAB4D /* Resources */ = {
			isa = PBXResourcesBuildPhase;
			buildActionMask = 2147483647;
			files = (
			);
			runOnlyForDeploymentPostprocessing = 0;
		};
/* End PBXResourcesBuildPhase section */

/* Begin PBXSourcesBuildPhase section */
		7CDF665B23AFD7E000CEAB4D /* Sources */ = {
			isa = PBXSourcesBuildPhase;
			buildActionMask = 2147483647;
			files = (
				7CDF669B23AFD81D00CEAB4D /* Rook.swift in Sources */,
				7CDF669323AFD7F900CEAB4D /* Piece.swift in Sources */,
				7CDF66A123AFD83A00CEAB4D /* Dummy.swift in Sources */,
				7CDF669D23AFD82500CEAB4D /* King.swift in Sources */,
				7CDF669923AFD80F00CEAB4D /* Bishop.swift in Sources */,
				7CDF666723AFD7E000CEAB4D /* ViewController.swift in Sources */,
				7CDF66A523AFD84600CEAB4D /* Board.swift in Sources */,
				7CDF666323AFD7E000CEAB4D /* AppDelegate.swift in Sources */,
				7CDF66A323AFD84100CEAB4D /* Game.swift in Sources */,
				7CDF66A723AFD84D00CEAB4D /* BoardIndex.swift in Sources */,
				7CDF66AB23AFD8AE00CEAB4D /* StartScreen.swift in Sources */,
				7CDF669F23AFD82A00CEAB4D /* Queen.swift in Sources */,
				7CDF669523AFD80200CEAB4D /* Pawn.swift in Sources */,
				7CDF669723AFD80700CEAB4D /* Knight.swift in Sources */,
				7CDF66A923AFD85600CEAB4D /* ExtensionUIPiece.swift in Sources */,
				7CDF666523AFD7E000CEAB4D /* SceneDelegate.swift in Sources */,
			);
			runOnlyForDeploymentPostprocessing = 0;
		};
		7CDF667123AFD7E100CEAB4D /* Sources */ = {
			isa = PBXSourcesBuildPhase;
			buildActionMask = 2147483647;
			files = (
				7CDF667A23AFD7E100CEAB4D /* Paco_SakoTests.swift in Sources */,
			);
			runOnlyForDeploymentPostprocessing = 0;
		};
		7CDF667C23AFD7E100CEAB4D /* Sources */ = {
			isa = PBXSourcesBuildPhase;
			buildActionMask = 2147483647;
			files = (
				7CDF668523AFD7E100CEAB4D /* Paco_SakoUITests.swift in Sources */,
			);
			runOnlyForDeploymentPostprocessing = 0;
		};
/* End PBXSourcesBuildPhase section */

/* Begin PBXTargetDependency section */
		7CDF667723AFD7E100CEAB4D /* PBXTargetDependency */ = {
			isa = PBXTargetDependency;
			target = 7CDF665E23AFD7E000CEAB4D /* Paco Sako */;
			targetProxy = 7CDF667623AFD7E100CEAB4D /* PBXContainerItemProxy */;
		};
		7CDF668223AFD7E100CEAB4D /* PBXTargetDependency */ = {
			isa = PBXTargetDependency;
			target = 7CDF665E23AFD7E000CEAB4D /* Paco Sako */;
			targetProxy = 7CDF668123AFD7E100CEAB4D /* PBXContainerItemProxy */;
		};
/* End PBXTargetDependency section */

/* Begin PBXVariantGroup section */
		7CDF666823AFD7E000CEAB4D /* Main.storyboard */ = {
			isa = PBXVariantGroup;
			children = (
				7CDF666923AFD7E000CEAB4D /* Base */,
			);
			name = Main.storyboard;
			sourceTree = "<group>";
		};
		7CDF666D23AFD7E100CEAB4D /* LaunchScreen.storyboard */ = {
			isa = PBXVariantGroup;
			children = (
				7CDF666E23AFD7E100CEAB4D /* Base */,
			);
			name = LaunchScreen.storyboard;
			sourceTree = "<group>";
		};
/* End PBXVariantGroup section */

/* Begin XCBuildConfiguration section */
		7CDF668723AFD7E100CEAB4D /* Debug */ = {
			isa = XCBuildConfiguration;
			buildSettings = {
				ALWAYS_SEARCH_USER_PATHS = NO;
				CLANG_ANALYZER_NONNULL = YES;
				CLANG_ANALYZER_NUMBER_OBJECT_CONVERSION = YES_AGGRESSIVE;
				CLANG_CXX_LANGUAGE_STANDARD = "gnu++14";
				CLANG_CXX_LIBRARY = "libc++";
				CLANG_ENABLE_MODULES = YES;
				CLANG_ENABLE_OBJC_ARC = YES;
				CLANG_ENABLE_OBJC_WEAK = YES;
				CLANG_WARN_BLOCK_CAPTURE_AUTORELEASING = YES;
				CLANG_WARN_BOOL_CONVERSION = YES;
				CLANG_WARN_COMMA = YES;
				CLANG_WARN_CONSTANT_CONVERSION = YES;
				CLANG_WARN_DEPRECATED_OBJC_IMPLEMENTATIONS = YES;
				CLANG_WARN_DIRECT_OBJC_ISA_USAGE = YES_ERROR;
				CLANG_WARN_DOCUMENTATION_COMMENTS = YES;
				CLANG_WARN_EMPTY_BODY = YES;
				CLANG_WARN_ENUM_CONVERSION = YES;
				CLANG_WARN_INFINITE_RECURSION = YES;
				CLANG_WARN_INT_CONVERSION = YES;
				CLANG_WARN_NON_LITERAL_NULL_CONVERSION = YES;
				CLANG_WARN_OBJC_IMPLICIT_RETAIN_SELF = YES;
				CLANG_WARN_OBJC_LITERAL_CONVERSION = YES;
				CLANG_WARN_OBJC_ROOT_CLASS = YES_ERROR;
				CLANG_WARN_RANGE_LOOP_ANALYSIS = YES;
				CLANG_WARN_STRICT_PROTOTYPES = YES;
				CLANG_WARN_SUSPICIOUS_MOVE = YES;
				CLANG_WARN_UNGUARDED_AVAILABILITY = YES_AGGRESSIVE;
				CLANG_WARN_UNREACHABLE_CODE = YES;
				CLANG_WARN__DUPLICATE_METHOD_MATCH = YES;
				COPY_PHASE_STRIP = NO;
				DEBUG_INFORMATION_FORMAT = dwarf;
				ENABLE_STRICT_OBJC_MSGSEND = YES;
				ENABLE_TESTABILITY = YES;
				GCC_C_LANGUAGE_STANDARD = gnu11;
				GCC_DYNAMIC_NO_PIC = NO;
				GCC_NO_COMMON_BLOCKS = YES;
				GCC_OPTIMIZATION_LEVEL = 0;
				GCC_PREPROCESSOR_DEFINITIONS = (
					"DEBUG=1",
					"$(inherited)",
				);
				GCC_WARN_64_TO_32_BIT_CONVERSION = YES;
				GCC_WARN_ABOUT_RETURN_TYPE = YES_ERROR;
				GCC_WARN_UNDECLARED_SELECTOR = YES;
				GCC_WARN_UNINITIALIZED_AUTOS = YES_AGGRESSIVE;
				GCC_WARN_UNUSED_FUNCTION = YES;
				GCC_WARN_UNUSED_VARIABLE = YES;
				IPHONEOS_DEPLOYMENT_TARGET = 13.2;
				MTL_ENABLE_DEBUG_INFO = INCLUDE_SOURCE;
				MTL_FAST_MATH = YES;
				ONLY_ACTIVE_ARCH = YES;
				SDKROOT = iphoneos;
				SWIFT_ACTIVE_COMPILATION_CONDITIONS = DEBUG;
				SWIFT_OPTIMIZATION_LEVEL = "-Onone";
			};
			name = Debug;
		};
		7CDF668823AFD7E100CEAB4D /* Release */ = {
			isa = XCBuildConfiguration;
			buildSettings = {
				ALWAYS_SEARCH_USER_PATHS = NO;
				CLANG_ANALYZER_NONNULL = YES;
				CLANG_ANALYZER_NUMBER_OBJECT_CONVERSION = YES_AGGRESSIVE;
				CLANG_CXX_LANGUAGE_STANDARD = "gnu++14";
				CLANG_CXX_LIBRARY = "libc++";
				CLANG_ENABLE_MODULES = YES;
				CLANG_ENABLE_OBJC_ARC = YES;
				CLANG_ENABLE_OBJC_WEAK = YES;
				CLANG_WARN_BLOCK_CAPTURE_AUTORELEASING = YES;
				CLANG_WARN_BOOL_CONVERSION = YES;
				CLANG_WARN_COMMA = YES;
				CLANG_WARN_CONSTANT_CONVERSION = YES;
				CLANG_WARN_DEPRECATED_OBJC_IMPLEMENTATIONS = YES;
				CLANG_WARN_DIRECT_OBJC_ISA_USAGE = YES_ERROR;
				CLANG_WARN_DOCUMENTATION_COMMENTS = YES;
				CLANG_WARN_EMPTY_BODY = YES;
				CLANG_WARN_ENUM_CONVERSION = YES;
				CLANG_WARN_INFINITE_RECURSION = YES;
				CLANG_WARN_INT_CONVERSION = YES;
				CLANG_WARN_NON_LITERAL_NULL_CONVERSION = YES;
				CLANG_WARN_OBJC_IMPLICIT_RETAIN_SELF = YES;
				CLANG_WARN_OBJC_LITERAL_CONVERSION = YES;
				CLANG_WARN_OBJC_ROOT_CLASS = YES_ERROR;
				CLANG_WARN_RANGE_LOOP_ANALYSIS = YES;
				CLANG_WARN_STRICT_PROTOTYPES = YES;
				CLANG_WARN_SUSPICIOUS_MOVE = YES;
				CLANG_WARN_UNGUARDED_AVAILABILITY = YES_AGGRESSIVE;
				CLANG_WARN_UNREACHABLE_CODE = YES;
				CLANG_WARN__DUPLICATE_METHOD_MATCH = YES;
				COPY_PHASE_STRIP = NO;
				DEBUG_INFORMATION_FORMAT = "dwarf-with-dsym";
				ENABLE_NS_ASSERTIONS = NO;
				ENABLE_STRICT_OBJC_MSGSEND = YES;
				GCC_C_LANGUAGE_STANDARD = gnu11;
				GCC_NO_COMMON_BLOCKS = YES;
				GCC_WARN_64_TO_32_BIT_CONVERSION = YES;
				GCC_WARN_ABOUT_RETURN_TYPE = YES_ERROR;
				GCC_WARN_UNDECLARED_SELECTOR = YES;
				GCC_WARN_UNINITIALIZED_AUTOS = YES_AGGRESSIVE;
				GCC_WARN_UNUSED_FUNCTION = YES;
				GCC_WARN_UNUSED_VARIABLE = YES;
				IPHONEOS_DEPLOYMENT_TARGET = 13.2;
				MTL_ENABLE_DEBUG_INFO = NO;
				MTL_FAST_MATH = YES;
				SDKROOT = iphoneos;
				SWIFT_COMPILATION_MODE = wholemodule;
				SWIFT_OPTIMIZATION_LEVEL = "-O";
				VALIDATE_PRODUCT = YES;
			};
			name = Release;
		};
		7CDF668A23AFD7E100CEAB4D /* Debug */ = {
			isa = XCBuildConfiguration;
			buildSettings = {
				ASSETCATALOG_COMPILER_APPICON_NAME = AppIcon;
				CODE_SIGN_STYLE = Automatic;
				DEVELOPMENT_TEAM = PCXF8TFR46;
				INFOPLIST_FILE = "Paco Sako/Info.plist";
				LD_RUNPATH_SEARCH_PATHS = (
					"$(inherited)",
					"@executable_path/Frameworks",
				);
				PRODUCT_BUNDLE_IDENTIFIER = "chriswaalberg.Paco-Sako";
				PRODUCT_NAME = "$(TARGET_NAME)";
				SWIFT_VERSION = 5.0;
				TARGETED_DEVICE_FAMILY = "1,2";
			};
			name = Debug;
		};
		7CDF668B23AFD7E100CEAB4D /* Release */ = {
			isa = XCBuildConfiguration;
			buildSettings = {
				ASSETCATALOG_COMPILER_APPICON_NAME = AppIcon;
				CODE_SIGN_STYLE = Automatic;
				DEVELOPMENT_TEAM = PCXF8TFR46;
				INFOPLIST_FILE = "Paco Sako/Info.plist";
				LD_RUNPATH_SEARCH_PATHS = (
					"$(inherited)",
					"@executable_path/Frameworks",
				);
				PRODUCT_BUNDLE_IDENTIFIER = "chriswaalberg.Paco-Sako";
				PRODUCT_NAME = "$(TARGET_NAME)";
				SWIFT_VERSION = 5.0;
				TARGETED_DEVICE_FAMILY = "1,2";
			};
			name = Release;
		};
		7CDF668D23AFD7E100CEAB4D /* Debug */ = {
			isa = XCBuildConfiguration;
			buildSettings = {
				ALWAYS_EMBED_SWIFT_STANDARD_LIBRARIES = YES;
				BUNDLE_LOADER = "$(TEST_HOST)";
				CODE_SIGN_STYLE = Automatic;
				DEVELOPMENT_TEAM = PCXF8TFR46;
				INFOPLIST_FILE = "Paco SakoTests/Info.plist";
				IPHONEOS_DEPLOYMENT_TARGET = 13.2;
				LD_RUNPATH_SEARCH_PATHS = (
					"$(inherited)",
					"@executable_path/Frameworks",
					"@loader_path/Frameworks",
				);
				PRODUCT_BUNDLE_IDENTIFIER = "chriswaalberg.Paco-SakoTests";
				PRODUCT_NAME = "$(TARGET_NAME)";
				SWIFT_VERSION = 5.0;
				TARGETED_DEVICE_FAMILY = "1,2";
				TEST_HOST = "$(BUILT_PRODUCTS_DIR)/Paco Sako.app/Paco Sako";
			};
			name = Debug;
		};
		7CDF668E23AFD7E100CEAB4D /* Release */ = {
			isa = XCBuildConfiguration;
			buildSettings = {
				ALWAYS_EMBED_SWIFT_STANDARD_LIBRARIES = YES;
				BUNDLE_LOADER = "$(TEST_HOST)";
				CODE_SIGN_STYLE = Automatic;
				DEVELOPMENT_TEAM = PCXF8TFR46;
				INFOPLIST_FILE = "Paco SakoTests/Info.plist";
				IPHONEOS_DEPLOYMENT_TARGET = 13.2;
				LD_RUNPATH_SEARCH_PATHS = (
					"$(inherited)",
					"@executable_path/Frameworks",
					"@loader_path/Frameworks",
				);
				PRODUCT_BUNDLE_IDENTIFIER = "chriswaalberg.Paco-SakoTests";
				PRODUCT_NAME = "$(TARGET_NAME)";
				SWIFT_VERSION = 5.0;
				TARGETED_DEVICE_FAMILY = "1,2";
				TEST_HOST = "$(BUILT_PRODUCTS_DIR)/Paco Sako.app/Paco Sako";
			};
			name = Release;
		};
		7CDF669023AFD7E100CEAB4D /* Debug */ = {
			isa = XCBuildConfiguration;
			buildSettings = {
				ALWAYS_EMBED_SWIFT_STANDARD_LIBRARIES = YES;
				CODE_SIGN_STYLE = Automatic;
				DEVELOPMENT_TEAM = PCXF8TFR46;
				INFOPLIST_FILE = "Paco SakoUITests/Info.plist";
				LD_RUNPATH_SEARCH_PATHS = (
					"$(inherited)",
					"@executable_path/Frameworks",
					"@loader_path/Frameworks",
				);
				PRODUCT_BUNDLE_IDENTIFIER = "chriswaalberg.Paco-SakoUITests";
				PRODUCT_NAME = "$(TARGET_NAME)";
				SWIFT_VERSION = 5.0;
				TARGETED_DEVICE_FAMILY = "1,2";
				TEST_TARGET_NAME = "Paco Sako";
			};
			name = Debug;
		};
		7CDF669123AFD7E100CEAB4D /* Release */ = {
			isa = XCBuildConfiguration;
			buildSettings = {
				ALWAYS_EMBED_SWIFT_STANDARD_LIBRARIES = YES;
				CODE_SIGN_STYLE = Automatic;
				DEVELOPMENT_TEAM = PCXF8TFR46;
				INFOPLIST_FILE = "Paco SakoUITests/Info.plist";
				LD_RUNPATH_SEARCH_PATHS = (
					"$(inherited)",
					"@executable_path/Frameworks",
					"@loader_path/Frameworks",
				);
				PRODUCT_BUNDLE_IDENTIFIER = "chriswaalberg.Paco-SakoUITests";
				PRODUCT_NAME = "$(TARGET_NAME)";
				SWIFT_VERSION = 5.0;
				TARGETED_DEVICE_FAMILY = "1,2";
				TEST_TARGET_NAME = "Paco Sako";
			};
			name = Release;
		};
/* End XCBuildConfiguration section */

/* Begin XCConfigurationList section */
		7CDF665A23AFD7E000CEAB4D /* Build configuration list for PBXProject "Paco Sako" */ = {
			isa = XCConfigurationList;
			buildConfigurations = (
				7CDF668723AFD7E100CEAB4D /* Debug */,
				7CDF668823AFD7E100CEAB4D /* Release */,
			);
			defaultConfigurationIsVisible = 0;
			defaultConfigurationName = Release;
		};
		7CDF668923AFD7E100CEAB4D /* Build configuration list for PBXNativeTarget "Paco Sako" */ = {
			isa = XCConfigurationList;
			buildConfigurations = (
				7CDF668A23AFD7E100CEAB4D /* Debug */,
				7CDF668B23AFD7E100CEAB4D /* Release */,
			);
			defaultConfigurationIsVisible = 0;
			defaultConfigurationName = Release;
		};
		7CDF668C23AFD7E100CEAB4D /* Build configuration list for PBXNativeTarget "Paco SakoTests" */ = {
			isa = XCConfigurationList;
			buildConfigurations = (
				7CDF668D23AFD7E100CEAB4D /* Debug */,
				7CDF668E23AFD7E100CEAB4D /* Release */,
			);
			defaultConfigurationIsVisible = 0;
			defaultConfigurationName = Release;
		};
		7CDF668F23AFD7E100CEAB4D /* Build configuration list for PBXNativeTarget "Paco SakoUITests" */ = {
			isa = XCConfigurationList;
			buildConfigurations = (
				7CDF669023AFD7E100CEAB4D /* Debug */,
				7CDF669123AFD7E100CEAB4D /* Release */,
			);
			defaultConfigurationIsVisible = 0;
			defaultConfigurationName = Release;
		};
/* End XCConfigurationList section */
	};
	rootObject = 7CDF665723AFD7E000CEAB4D /* Project object */;
}
